
Microsoft Visual Studio Solution File, Format Version 12.00
# Visual Studio Version 16
VisualStudioVersion = 16.0.30523.141
MinimumVisualStudioVersion = 10.0.40219.1
Project("{FAE04EC0-301F-11D3-BF4B-00C04F79EFBC}") = "lab10", "lab10\lab10.csproj", "{7BED48EF-BE39-47FE-9EC0-BA73529EB243}"
EndProject
Global
	GlobalSection(SolutionConfigurationPlatforms) = preSolution
		Debug|Any CPU = Debug|Any CPU
		Release|Any CPU = Release|Any CPU
	EndGlobalSection
	GlobalSection(ProjectConfigurationPlatforms) = postSolution
		{7BED48EF-BE39-47FE-9EC0-BA73529EB243}.Debug|Any CPU.ActiveCfg = Debug|Any CPU
		{7BED48EF-BE39-47FE-9EC0-BA73529EB243}.Debug|Any CPU.Build.0 = Debug|Any CPU
		{7BED48EF-BE39-47FE-9EC0-BA73529EB243}.Release|Any CPU.ActiveCfg = Release|Any CPU
		{7BED48EF-BE39-47FE-9EC0-BA73529EB243}.Release|Any CPU.Build.0 = Release|Any CPU
	EndGlobalSection
	GlobalSection(SolutionProperties) = preSolution
		HideSolutionNode = FALSE
	EndGlobalSection
	GlobalSection(ExtensibilityGlobals) = postSolution
		SolutionGuid = {C9C0E138-1BDC-4036-8078-CEBE6CBE0D78}
	EndGlobalSection
EndGlobal
