
Microsoft Visual Studio Solution File, Format Version 12.00
# Visual Studio Version 16
VisualStudioVersion = 16.0.30523.141
MinimumVisualStudioVersion = 10.0.40219.1
Project("{FAE04EC0-301F-11D3-BF4B-00C04F79EFBC}") = "№3-2", "№3-2\№3-2.csproj", "{2618EA97-B390-44CE-85BC-76A2EBA983FA}"
EndProject
Global
	GlobalSection(SolutionConfigurationPlatforms) = preSolution
		Debug|Any CPU = Debug|Any CPU
		Release|Any CPU = Release|Any CPU
	EndGlobalSection
	GlobalSection(ProjectConfigurationPlatforms) = postSolution
		{2618EA97-B390-44CE-85BC-76A2EBA983FA}.Debug|Any CPU.ActiveCfg = Debug|Any CPU
		{2618EA97-B390-44CE-85BC-76A2EBA983FA}.Debug|Any CPU.Build.0 = Debug|Any CPU
		{2618EA97-B390-44CE-85BC-76A2EBA983FA}.Release|Any CPU.ActiveCfg = Release|Any CPU
		{2618EA97-B390-44CE-85BC-76A2EBA983FA}.Release|Any CPU.Build.0 = Release|Any CPU
	EndGlobalSection
	GlobalSection(SolutionProperties) = preSolution
		HideSolutionNode = FALSE
	EndGlobalSection
	GlobalSection(ExtensibilityGlobals) = postSolution
		SolutionGuid = {7F602995-7FBB-4819-B3AC-F8D25608FF3F}
	EndGlobalSection
EndGlobal
