
Microsoft Visual Studio Solution File, Format Version 12.00
# Visual Studio Version 16
VisualStudioVersion = 16.0.30523.141
MinimumVisualStudioVersion = 10.0.40219.1
Project("{FAE04EC0-301F-11D3-BF4B-00C04F79EFBC}") = "lab12", "lab12\lab12.csproj", "{40BCE609-C9F1-4ECE-8D1B-DCFEDEE33731}"
EndProject
Global
	GlobalSection(SolutionConfigurationPlatforms) = preSolution
		Debug|Any CPU = Debug|Any CPU
		Release|Any CPU = Release|Any CPU
	EndGlobalSection
	GlobalSection(ProjectConfigurationPlatforms) = postSolution
		{40BCE609-C9F1-4ECE-8D1B-DCFEDEE33731}.Debug|Any CPU.ActiveCfg = Debug|Any CPU
		{40BCE609-C9F1-4ECE-8D1B-DCFEDEE33731}.Debug|Any CPU.Build.0 = Debug|Any CPU
		{40BCE609-C9F1-4ECE-8D1B-DCFEDEE33731}.Release|Any CPU.ActiveCfg = Release|Any CPU
		{40BCE609-C9F1-4ECE-8D1B-DCFEDEE33731}.Release|Any CPU.Build.0 = Release|Any CPU
	EndGlobalSection
	GlobalSection(SolutionProperties) = preSolution
		HideSolutionNode = FALSE
	EndGlobalSection
	GlobalSection(ExtensibilityGlobals) = postSolution
		SolutionGuid = {69B0A39F-97D9-4B1C-997B-BA8D39B4D784}
	EndGlobalSection
EndGlobal
