
Microsoft Visual Studio Solution File, Format Version 12.00
# Visual Studio Version 16
VisualStudioVersion = 16.0.30413.136
MinimumVisualStudioVersion = 10.0.40219.1
Project("{9A19103F-16F7-4668-BE54-9A1E7A4F7556}") = "task1", "lab2\task1.csproj", "{2C5F4684-AF66-4773-B9B4-7999DA5755E7}"
EndProject
Project("{9A19103F-16F7-4668-BE54-9A1E7A4F7556}") = "task2", "task2\task2.csproj", "{7119BDEE-BCF6-486A-B329-52AA858F67BF}"
EndProject
Project("{9A19103F-16F7-4668-BE54-9A1E7A4F7556}") = "task3", "task3\task3.csproj", "{92383D72-1708-4C7C-9933-6640EC717C54}"
EndProject
Project("{9A19103F-16F7-4668-BE54-9A1E7A4F7556}") = "task4", "task4\task4.csproj", "{03DB9E19-0A95-4AB4-8EC9-206089299D3F}"
EndProject
Project("{FAE04EC0-301F-11D3-BF4B-00C04F79EFBC}") = "task5", "task5\task5.csproj", "{7D5A8EC0-9239-46A4-8201-CA55BC3E1CC4}"
EndProject
Global
	GlobalSection(SolutionConfigurationPlatforms) = preSolution
		Debug|Any CPU = Debug|Any CPU
		Release|Any CPU = Release|Any CPU
	EndGlobalSection
	GlobalSection(ProjectConfigurationPlatforms) = postSolution
		{2C5F4684-AF66-4773-B9B4-7999DA5755E7}.Debug|Any CPU.ActiveCfg = Debug|Any CPU
		{2C5F4684-AF66-4773-B9B4-7999DA5755E7}.Debug|Any CPU.Build.0 = Debug|Any CPU
		{2C5F4684-AF66-4773-B9B4-7999DA5755E7}.Release|Any CPU.ActiveCfg = Release|Any CPU
		{2C5F4684-AF66-4773-B9B4-7999DA5755E7}.Release|Any CPU.Build.0 = Release|Any CPU
		{7119BDEE-BCF6-486A-B329-52AA858F67BF}.Debug|Any CPU.ActiveCfg = Debug|Any CPU
		{7119BDEE-BCF6-486A-B329-52AA858F67BF}.Debug|Any CPU.Build.0 = Debug|Any CPU
		{7119BDEE-BCF6-486A-B329-52AA858F67BF}.Release|Any CPU.ActiveCfg = Release|Any CPU
		{7119BDEE-BCF6-486A-B329-52AA858F67BF}.Release|Any CPU.Build.0 = Release|Any CPU
		{92383D72-1708-4C7C-9933-6640EC717C54}.Debug|Any CPU.ActiveCfg = Debug|Any CPU
		{92383D72-1708-4C7C-9933-6640EC717C54}.Debug|Any CPU.Build.0 = Debug|Any CPU
		{92383D72-1708-4C7C-9933-6640EC717C54}.Release|Any CPU.ActiveCfg = Release|Any CPU
		{92383D72-1708-4C7C-9933-6640EC717C54}.Release|Any CPU.Build.0 = Release|Any CPU
		{03DB9E19-0A95-4AB4-8EC9-206089299D3F}.Debug|Any CPU.ActiveCfg = Debug|Any CPU
		{03DB9E19-0A95-4AB4-8EC9-206089299D3F}.Debug|Any CPU.Build.0 = Debug|Any CPU
		{03DB9E19-0A95-4AB4-8EC9-206089299D3F}.Release|Any CPU.ActiveCfg = Release|Any CPU
		{03DB9E19-0A95-4AB4-8EC9-206089299D3F}.Release|Any CPU.Build.0 = Release|Any CPU
		{7D5A8EC0-9239-46A4-8201-CA55BC3E1CC4}.Debug|Any CPU.ActiveCfg = Debug|Any CPU
		{7D5A8EC0-9239-46A4-8201-CA55BC3E1CC4}.Debug|Any CPU.Build.0 = Debug|Any CPU
		{7D5A8EC0-9239-46A4-8201-CA55BC3E1CC4}.Release|Any CPU.ActiveCfg = Release|Any CPU
		{7D5A8EC0-9239-46A4-8201-CA55BC3E1CC4}.Release|Any CPU.Build.0 = Release|Any CPU
	EndGlobalSection
	GlobalSection(SolutionProperties) = preSolution
		HideSolutionNode = FALSE
	EndGlobalSection
	GlobalSection(ExtensibilityGlobals) = postSolution
		SolutionGuid = {8EEB6E1D-9F15-4CCE-B21B-5BA30CAD5631}
	EndGlobalSection
EndGlobal
